{
  "originHash" : "6ef93f12a6fe8164e51f9ee346a20b5b2175d866dc5e81f1ce5eaf0eb98be415",
  "pins" : [
    {
      "identity" : "logger",
      "kind" : "remoteSourceControl",
      "location" : "https://github.com/wvabrinskas/Logger.git",
      "state" : {
        "revision" : "72e4516de6c671d00588031098438a933ee0d370",
        "version" : "1.0.7"
      }
    },
    {
      "identity" : "neurondatasets",
      "kind" : "remoteSourceControl",
      "location" : "git@github.com:wvabrinskas/NeuronDatasets.git",
      "state" : {
        "revision" : "1786d764161cc51c067e48360f5cf48731c9b1a9",
        "version" : "1.0.20"
      }
    }
  ],
  "version" : 3
}
