{
  "originHash" : "557ef1adc68380e0dda49bf6410f97f63bc6c7d8777f7798ba81bd3b0c8330b9",
  "pins" : [
    {
      "identity" : "logger",
      "kind" : "remoteSourceControl",
      "location" : "https://github.com/wvabrinskas/Logger.git",
      "state" : {
        "revision" : "72e4516de6c671d00588031098438a933ee0d370",
        "version" : "1.0.7"
      }
    },
    {
      "identity" : "neuron",
      "kind" : "remoteSourceControl",
      "location" : "https://github.com/wvabrinskas/Neuron.git",
      "state" : {
        "revision" : "806de8c00c87026aa9913f557e179a2875d69a22",
        "version" : "2.0.23"
      }
    },
    {
      "identity" : "neurondatasets",
      "kind" : "remoteSourceControl",
      "location" : "https://github.com/wvabrinskas/NeuronDatasets",
      "state" : {
        "revision" : "6ea9bea9c765c402a11d8d39fa34903ac2746eb4",
        "version" : "1.0.23"
      }
    },
    {
      "identity" : "numswift",
      "kind" : "remoteSourceControl",
      "location" : "https://github.com/wvabrinskas/NumSwift.git",
      "state" : {
        "revision" : "34ebaf5f1e2061063ac7b18edc83135ada57ae0f",
        "version" : "2.0.13"
      }
    },
    {
      "identity" : "swift-numerics",
      "kind" : "remoteSourceControl",
      "location" : "https://github.com/apple/swift-numerics",
      "state" : {
        "revision" : "0a5bc04095a675662cf24757cc0640aa2204253b",
        "version" : "1.0.2"
      }
    }
  ],
  "version" : 3
}
