{
  "originHash" : "a9a6e1b7bd1ce437b13728031dfa40f6c29875fb8d638e48c8b707894f4020a9",
  "pins" : [
    {
      "identity" : "logger",
      "kind" : "remoteSourceControl",
      "location" : "https://github.com/wvabrinskas/Logger.git",
      "state" : {
        "revision" : "72e4516de6c671d00588031098438a933ee0d370",
        "version" : "1.0.7"
      }
    },
    {
      "identity" : "neuron",
      "kind" : "remoteSourceControl",
      "location" : "https://github.com/wvabrinskas/Neuron",
      "state" : {
        "branch" : "develop",
        "revision" : "ec4a0768043e08c18f211a643fc1c9e95fd3d814"
      }
    },
    {
      "identity" : "neurondatasets",
      "kind" : "remoteSourceControl",
      "location" : "https://github.com/wvabrinskas/NeuronDatasets",
      "state" : {
        "branch" : "main",
        "revision" : "2ae088ad46f38c55a00e148487edf7ef9d94a235"
      }
    },
    {
      "identity" : "numswift",
      "kind" : "remoteSourceControl",
      "location" : "https://github.com/wvabrinskas/NumSwift.git",
      "state" : {
        "revision" : "6c1a9152c7b0868ba8669e86b131c7dcd3b910f0",
        "version" : "2.0.20"
      }
    },
    {
      "identity" : "swift-atomics",
      "kind" : "remoteSourceControl",
      "location" : "https://github.com/apple/swift-atomics.git",
      "state" : {
        "revision" : "b601256eab081c0f92f059e12818ac1d4f178ff7",
        "version" : "1.3.0"
      }
    },
    {
      "identity" : "swift-numerics",
      "kind" : "remoteSourceControl",
      "location" : "https://github.com/apple/swift-numerics",
      "state" : {
        "revision" : "0c0290ff6b24942dadb83a929ffaaa1481df04a2",
        "version" : "1.1.1"
      }
    }
  ],
  "version" : 3
}
